github.com/alecthomas/kong v0.9.0 h1:G5diXxc85KvoV2f0ZRVuMsi45IrBgx9zDNGNj165aPA=
github.com/alecthomas/kong v0.9.0/go.mod h1:Y47y5gKfHp1hDc7CH7OeXgLIpp+Q2m1Ni0L5s3bI8Os=
golang.org/x/build v0.0.0-20240726181213-5f4836d4d20a h1:xuc7iWb9ktfYBESn+Q6su50SqlWz7fYxr2ZGVM9Ipuc=
golang.org/x/build v0.0.0-20240726181213-5f4836d4d20a/go.mod h1:C12yKxWgJeykUO2lfQINDq2U/JrauqR2Rh/tQeFnU5I=
